
Microsoft Visual Studio Solution File, Format Version 12.00
# Visual Studio Version 17
VisualStudioVersion = 17.1.31911.260
MinimumVisualStudioVersion = 10.0.40219.1
Project("{2150E333-8FDC-42A3-9474-1A3956D46DE8}") = "simple.dotnet", "simple.dotnet", "{39D56A05-E4B5-4D9E-83CA-767C5E8B6870}"
EndProject
Project("{9A19103F-16F7-4668-BE54-9A1E7A4F7556}") = "Simple.dotNet.Core", "..\Simple.dotNet\src\Simple.dotNet.Core\Simple.dotNet.Core.csproj", "{254055D1-896F-48BD-B121-D8DE6492496F}"
EndProject
Project("{9A19103F-16F7-4668-BE54-9A1E7A4F7556}") = "Simple.dotNet.Web", "..\Simple.dotNet\src\Simple.dotNet.Web\Simple.dotNet.Web.csproj", "{347E0384-9602-42AE-AE28-FD5C016260EF}"
EndProject
Project("{9A19103F-16F7-4668-BE54-9A1E7A4F7556}") = "Simple.dotNet.Redis", "..\Simple.dotNet\src\Simple.dotNet.Redis\Simple.dotNet.Redis.csproj", "{DFAE26A4-8B1C-403E-808F-2630CE117ED4}"
EndProject
Project("{2150E333-8FDC-42A3-9474-1A3956D46DE8}") = "components", "components", "{1552531D-C230-4C7E-BBEC-13AACCF88743}"
EndProject
Project("{9A19103F-16F7-4668-BE54-9A1E7A4F7556}") = "Simple.Authorization", "src\Simple.Authorization\Simple.Authorization.csproj", "{8CD999A7-8699-4B60-83A0-5A4B47C6E8A0}"
EndProject
Project("{FAE04EC0-301F-11D3-BF4B-00C04F79EFBC}") = "Simple.SignalR", "src\Simple.SignalR\Simple.SignalR.csproj", "{8789CD69-E1F7-4E9A-989D-3ECC066B2665}"
EndProject
Project("{2150E333-8FDC-42A3-9474-1A3956D46DE8}") = "test", "test", "{FAC95BDB-6A60-4440-8A1B-D093F979B3EB}"
EndProject
Project("{FAE04EC0-301F-11D3-BF4B-00C04F79EFBC}") = "Simple.SignalR.Test", "test\Simple.SignalR.Test\Simple.SignalR.Test.csproj", "{F9196C44-A912-4690-8350-6F902E335341}"
EndProject
Project("{9A19103F-16F7-4668-BE54-9A1E7A4F7556}") = "Simple.dotNet.RabbitMQ", "..\Simple.dotNet\src\Simple.dotNet.RabbitMQ\Simple.dotNet.RabbitMQ.csproj", "{7A76A42A-C71B-4847-AA06-0C5DCDBFC958}"
EndProject
Global
	GlobalSection(SolutionConfigurationPlatforms) = preSolution
		Debug|Any CPU = Debug|Any CPU
		Release|Any CPU = Release|Any CPU
	EndGlobalSection
	GlobalSection(ProjectConfigurationPlatforms) = postSolution
		{254055D1-896F-48BD-B121-D8DE6492496F}.Debug|Any CPU.ActiveCfg = Debug|Any CPU
		{254055D1-896F-48BD-B121-D8DE6492496F}.Debug|Any CPU.Build.0 = Debug|Any CPU
		{254055D1-896F-48BD-B121-D8DE6492496F}.Release|Any CPU.ActiveCfg = Release|Any CPU
		{254055D1-896F-48BD-B121-D8DE6492496F}.Release|Any CPU.Build.0 = Release|Any CPU
		{347E0384-9602-42AE-AE28-FD5C016260EF}.Debug|Any CPU.ActiveCfg = Debug|Any CPU
		{347E0384-9602-42AE-AE28-FD5C016260EF}.Debug|Any CPU.Build.0 = Debug|Any CPU
		{347E0384-9602-42AE-AE28-FD5C016260EF}.Release|Any CPU.ActiveCfg = Release|Any CPU
		{347E0384-9602-42AE-AE28-FD5C016260EF}.Release|Any CPU.Build.0 = Release|Any CPU
		{DFAE26A4-8B1C-403E-808F-2630CE117ED4}.Debug|Any CPU.ActiveCfg = Debug|Any CPU
		{DFAE26A4-8B1C-403E-808F-2630CE117ED4}.Debug|Any CPU.Build.0 = Debug|Any CPU
		{DFAE26A4-8B1C-403E-808F-2630CE117ED4}.Release|Any CPU.ActiveCfg = Release|Any CPU
		{DFAE26A4-8B1C-403E-808F-2630CE117ED4}.Release|Any CPU.Build.0 = Release|Any CPU
		{8CD999A7-8699-4B60-83A0-5A4B47C6E8A0}.Debug|Any CPU.ActiveCfg = Debug|Any CPU
		{8CD999A7-8699-4B60-83A0-5A4B47C6E8A0}.Debug|Any CPU.Build.0 = Debug|Any CPU
		{8CD999A7-8699-4B60-83A0-5A4B47C6E8A0}.Release|Any CPU.ActiveCfg = Release|Any CPU
		{8CD999A7-8699-4B60-83A0-5A4B47C6E8A0}.Release|Any CPU.Build.0 = Release|Any CPU
		{8789CD69-E1F7-4E9A-989D-3ECC066B2665}.Debug|Any CPU.ActiveCfg = Debug|Any CPU
		{8789CD69-E1F7-4E9A-989D-3ECC066B2665}.Debug|Any CPU.Build.0 = Debug|Any CPU
		{8789CD69-E1F7-4E9A-989D-3ECC066B2665}.Release|Any CPU.ActiveCfg = Release|Any CPU
		{8789CD69-E1F7-4E9A-989D-3ECC066B2665}.Release|Any CPU.Build.0 = Release|Any CPU
		{F9196C44-A912-4690-8350-6F902E335341}.Debug|Any CPU.ActiveCfg = Debug|Any CPU
		{F9196C44-A912-4690-8350-6F902E335341}.Debug|Any CPU.Build.0 = Debug|Any CPU
		{F9196C44-A912-4690-8350-6F902E335341}.Release|Any CPU.ActiveCfg = Release|Any CPU
		{F9196C44-A912-4690-8350-6F902E335341}.Release|Any CPU.Build.0 = Release|Any CPU
		{7A76A42A-C71B-4847-AA06-0C5DCDBFC958}.Debug|Any CPU.ActiveCfg = Debug|Any CPU
		{7A76A42A-C71B-4847-AA06-0C5DCDBFC958}.Debug|Any CPU.Build.0 = Debug|Any CPU
		{7A76A42A-C71B-4847-AA06-0C5DCDBFC958}.Release|Any CPU.ActiveCfg = Release|Any CPU
		{7A76A42A-C71B-4847-AA06-0C5DCDBFC958}.Release|Any CPU.Build.0 = Release|Any CPU
	EndGlobalSection
	GlobalSection(SolutionProperties) = preSolution
		HideSolutionNode = FALSE
	EndGlobalSection
	GlobalSection(NestedProjects) = preSolution
		{254055D1-896F-48BD-B121-D8DE6492496F} = {39D56A05-E4B5-4D9E-83CA-767C5E8B6870}
		{347E0384-9602-42AE-AE28-FD5C016260EF} = {39D56A05-E4B5-4D9E-83CA-767C5E8B6870}
		{DFAE26A4-8B1C-403E-808F-2630CE117ED4} = {39D56A05-E4B5-4D9E-83CA-767C5E8B6870}
		{8CD999A7-8699-4B60-83A0-5A4B47C6E8A0} = {1552531D-C230-4C7E-BBEC-13AACCF88743}
		{8789CD69-E1F7-4E9A-989D-3ECC066B2665} = {1552531D-C230-4C7E-BBEC-13AACCF88743}
		{F9196C44-A912-4690-8350-6F902E335341} = {FAC95BDB-6A60-4440-8A1B-D093F979B3EB}
		{7A76A42A-C71B-4847-AA06-0C5DCDBFC958} = {39D56A05-E4B5-4D9E-83CA-767C5E8B6870}
	EndGlobalSection
	GlobalSection(ExtensibilityGlobals) = postSolution
		SolutionGuid = {4E04FEA1-A4FC-4A38-80D8-2F726D18FF11}
	EndGlobalSection
EndGlobal
